[[package]]
name = "asgiref"
version = "3.3.4"
description = "ASGI specs, helper code, and adapters"
category = "main"
optional = false
python-versions = ">=3.6"

[package.dependencies]
typing-extensions = {version = "*", markers = "python_version < \"3.8\""}

[package.extras]
tests = ["pytest", "pytest-asyncio", "mypy (>=0.800)"]

[[package]]
name = "django"
version = "3.2"
description = "A high-level Python Web framework that encourages rapid development and clean, pragmatic design."
category = "main"
optional = false
python-versions = ">=3.6"

[package.dependencies]
asgiref = ">=3.3.2,<4"
pytz = "*"
sqlparse = ">=0.2.2"

[package.extras]
argon2 = ["argon2-cffi (>=19.1.0)"]
bcrypt = ["bcrypt"]

[[package]]
name = "fancycompleter"
version = "0.9.1"
description = "colorful TAB completion for Python prompt"
category = "dev"
optional = false
python-versions = "*"

[package.dependencies]
pyreadline = {version = "*", markers = "platform_system == \"Windows\""}
pyrepl = ">=0.8.2"

[[package]]
name = "flake8"
version = "3.9.0"
description = "the modular source code checker: pep8 pyflakes and co"
category = "dev"
optional = false
python-versions = "!=3.0.*,!=3.1.*,!=3.2.*,!=3.3.*,!=3.4.*,>=2.7"

[package.dependencies]
importlib-metadata = {version = "*", markers = "python_version < \"3.8\""}
mccabe = ">=0.6.0,<0.7.0"
pycodestyle = ">=2.7.0,<2.8.0"
pyflakes = ">=2.3.0,<2.4.0"

[[package]]
name = "importlib-metadata"
version = "3.10.1"
description = "Read metadata from Python packages"
category = "dev"
optional = false
python-versions = ">=3.6"

[package.dependencies]
typing-extensions = {version = ">=3.6.4", markers = "python_version < \"3.8\""}
zipp = ">=0.5"

[package.extras]
docs = ["sphinx", "jaraco.packaging (>=8.2)", "rst.linker (>=1.9)"]
testing = ["pytest (>=4.6)", "pytest-checkdocs (>=2.4)", "pytest-flake8", "pytest-cov", "pytest-enabler (>=1.0.1)", "packaging", "pep517", "pyfakefs", "flufl.flake8", "pytest-black (>=0.3.7)", "pytest-mypy", "importlib-resources (>=1.3)"]

[[package]]
name = "mccabe"
version = "0.6.1"
description = "McCabe checker, plugin for flake8"
category = "dev"
optional = false
python-versions = "*"

[[package]]
name = "pdbpp"
version = "0.10.2"
description = "pdb++, a drop-in replacement for pdb"
category = "dev"
optional = false
python-versions = "*"

[package.dependencies]
fancycompleter = ">=0.8"
pygments = "*"
wmctrl = "*"

[package.extras]
funcsigs = ["funcsigs"]
testing = ["funcsigs", "pytest"]

[[package]]
name = "pycodestyle"
version = "2.7.0"
description = "Python style guide checker"
category = "dev"
optional = false
python-versions = ">=2.7, !=3.0.*, !=3.1.*, !=3.2.*, !=3.3.*"

[[package]]
name = "pyflakes"
version = "2.3.1"
description = "passive checker of Python programs"
category = "dev"
optional = false
python-versions = ">=2.7, !=3.0.*, !=3.1.*, !=3.2.*, !=3.3.*"

[[package]]
name = "pygments"
version = "2.8.1"
description = "Pygments is a syntax highlighting package written in Python."
category = "dev"
optional = false
python-versions = ">=3.5"

[[package]]
name = "pyreadline"
version = "2.1"
description = "A python implmementation of GNU readline."
category = "dev"
optional = false
python-versions = "*"

[[package]]
name = "pyrepl"
version = "0.9.0"
description = "A library for building flexible command line interfaces"
category = "dev"
optional = false
python-versions = "*"

[[package]]
name = "pytz"
version = "2021.1"
description = "World timezone definitions, modern and historical"
category = "main"
optional = false
python-versions = "*"

[[package]]
name = "six"
version = "1.15.0"
description = "Python 2 and 3 compatibility utilities"
category = "main"
optional = false
python-versions = ">=2.7, !=3.0.*, !=3.1.*, !=3.2.*"

[[package]]
name = "sqlparse"
version = "0.4.1"
description = "A non-validating SQL parser."
category = "main"
optional = false
python-versions = ">=3.5"

[[package]]
name = "typing-extensions"
version = "3.7.4.3"
description = "Backported and Experimental Type Hints for Python 3.5+"
category = "main"
optional = false
python-versions = "*"

[[package]]
name = "wmctrl"
version = "0.3"
description = "A tool to programmatically control windows inside X"
category = "dev"
optional = false
python-versions = "*"

[[package]]
name = "zipp"
version = "3.4.1"
description = "Backport of pathlib-compatible object wrapper for zip files"
category = "dev"
optional = false
python-versions = ">=3.6"

[package.extras]
docs = ["sphinx", "jaraco.packaging (>=8.2)", "rst.linker (>=1.9)"]
testing = ["pytest (>=4.6)", "pytest-checkdocs (>=1.2.3)", "pytest-flake8", "pytest-cov", "pytest-enabler", "jaraco.itertools", "func-timeout", "pytest-black (>=0.3.7)", "pytest-mypy"]

[metadata]
lock-version = "1.1"
python-versions = ">=3.6"
content-hash = "a17e28036f516fd86555020fc0588197651f8e2222ba339b16087bb1cc42c950"

[metadata.files]
asgiref = [
    {file = "asgiref-3.3.4-py3-none-any.whl", hash = "sha256:92906c611ce6c967347bbfea733f13d6313901d54dcca88195eaeb52b2a8e8ee"},
    {file = "asgiref-3.3.4.tar.gz", hash = "sha256:d1216dfbdfb63826470995d31caed36225dcaf34f182e0fa257a4dd9e86f1b78"},
]
django = [
    {file = "Django-3.2-py3-none-any.whl", hash = "sha256:0604e84c4fb698a5e53e5857b5aea945b2f19a18f25f10b8748dbdf935788927"},
    {file = "Django-3.2.tar.gz", hash = "sha256:21f0f9643722675976004eb683c55d33c05486f94506672df3d6a141546f389d"},
]
fancycompleter = [
    {file = "fancycompleter-0.9.1-py3-none-any.whl", hash = "sha256:dd076bca7d9d524cc7f25ec8f35ef95388ffef9ef46def4d3d25e9b044ad7080"},
    {file = "fancycompleter-0.9.1.tar.gz", hash = "sha256:09e0feb8ae242abdfd7ef2ba55069a46f011814a80fe5476be48f51b00247272"},
]
flake8 = [
    {file = "flake8-3.9.0-py2.py3-none-any.whl", hash = "sha256:12d05ab02614b6aee8df7c36b97d1a3b2372761222b19b58621355e82acddcff"},
    {file = "flake8-3.9.0.tar.gz", hash = "sha256:78873e372b12b093da7b5e5ed302e8ad9e988b38b063b61ad937f26ca58fc5f0"},
]
importlib-metadata = [
    {file = "importlib_metadata-3.10.1-py3-none-any.whl", hash = "sha256:2ec0faae539743ae6aaa84b49a169670a465f7f5d64e6add98388cc29fd1f2f6"},
    {file = "importlib_metadata-3.10.1.tar.gz", hash = "sha256:c9356b657de65c53744046fa8f7358afe0714a1af7d570c00c3835c2d724a7c1"},
]
mccabe = [
    {file = "mccabe-0.6.1-py2.py3-none-any.whl", hash = "sha256:ab8a6258860da4b6677da4bd2fe5dc2c659cff31b3ee4f7f5d64e79735b80d42"},
    {file = "mccabe-0.6.1.tar.gz", hash = "sha256:dd8d182285a0fe56bace7f45b5e7d1a6ebcbf524e8f3bd87eb0f125271b8831f"},
]
pdbpp = [
    {file = "pdbpp-0.10.2.tar.gz", hash = "sha256:73ff220d5006e0ecdc3e2705d8328d8aa5ac27fef95cc06f6e42cd7d22d55eb8"},
]
pycodestyle = [
    {file = "pycodestyle-2.7.0-py2.py3-none-any.whl", hash = "sha256:514f76d918fcc0b55c6680472f0a37970994e07bbb80725808c17089be302068"},
    {file = "pycodestyle-2.7.0.tar.gz", hash = "sha256:c389c1d06bf7904078ca03399a4816f974a1d590090fecea0c63ec26ebaf1cef"},
]
pyflakes = [
    {file = "pyflakes-2.3.1-py2.py3-none-any.whl", hash = "sha256:7893783d01b8a89811dd72d7dfd4d84ff098e5eed95cfa8905b22bbffe52efc3"},
    {file = "pyflakes-2.3.1.tar.gz", hash = "sha256:f5bc8ecabc05bb9d291eb5203d6810b49040f6ff446a756326104746cc00c1db"},
]
pygments = [
    {file = "Pygments-2.8.1-py3-none-any.whl", hash = "sha256:534ef71d539ae97d4c3a4cf7d6f110f214b0e687e92f9cb9d2a3b0d3101289c8"},
    {file = "Pygments-2.8.1.tar.gz", hash = "sha256:2656e1a6edcdabf4275f9a3640db59fd5de107d88e8663c5d4e9a0fa62f77f94"},
]
pyreadline = [
    {file = "pyreadline-2.1.win-amd64.exe", hash = "sha256:9ce5fa65b8992dfa373bddc5b6e0864ead8f291c94fbfec05fbd5c836162e67b"},
    {file = "pyreadline-2.1.win32.exe", hash = "sha256:65540c21bfe14405a3a77e4c085ecfce88724743a4ead47c66b84defcf82c32e"},
    {file = "pyreadline-2.1.zip", hash = "sha256:4530592fc2e85b25b1a9f79664433da09237c1a270e4d78ea5aa3a2c7229e2d1"},
]
pyrepl = [
    {file = "pyrepl-0.9.0.tar.gz", hash = "sha256:292570f34b5502e871bbb966d639474f2b57fbfcd3373c2d6a2f3d56e681a775"},
]
pytz = [
    {file = "pytz-2021.1-py2.py3-none-any.whl", hash = "sha256:eb10ce3e7736052ed3623d49975ce333bcd712c7bb19a58b9e2089d4057d0798"},
    {file = "pytz-2021.1.tar.gz", hash = "sha256:83a4a90894bf38e243cf052c8b58f381bfe9a7a483f6a9cab140bc7f702ac4da"},
]
six = [
    {file = "six-1.15.0-py2.py3-none-any.whl", hash = "sha256:8b74bedcbbbaca38ff6d7491d76f2b06b3592611af620f8426e82dddb04a5ced"},
    {file = "six-1.15.0.tar.gz", hash = "sha256:30639c035cdb23534cd4aa2dd52c3bf48f06e5f4a941509c8bafd8ce11080259"},
]
sqlparse = [
    {file = "sqlparse-0.4.1-py3-none-any.whl", hash = "sha256:017cde379adbd6a1f15a61873f43e8274179378e95ef3fede90b5aa64d304ed0"},
    {file = "sqlparse-0.4.1.tar.gz", hash = "sha256:0f91fd2e829c44362cbcfab3e9ae12e22badaa8a29ad5ff599f9ec109f0454e8"},
]
typing-extensions = [
    {file = "typing_extensions-3.7.4.3-py2-none-any.whl", hash = "sha256:dafc7639cde7f1b6e1acc0f457842a83e722ccca8eef5270af2d74792619a89f"},
    {file = "typing_extensions-3.7.4.3-py3-none-any.whl", hash = "sha256:7cb407020f00f7bfc3cb3e7881628838e69d8f3fcab2f64742a5e76b2f841918"},
    {file = "typing_extensions-3.7.4.3.tar.gz", hash = "sha256:99d4073b617d30288f569d3f13d2bd7548c3a7e4c8de87db09a9d29bb3a4a60c"},
]
wmctrl = [
    {file = "wmctrl-0.3.tar.gz", hash = "sha256:d806f65ac1554366b6e31d29d7be2e8893996c0acbb2824bbf2b1f49cf628a13"},
]
zipp = [
    {file = "zipp-3.4.1-py3-none-any.whl", hash = "sha256:51cb66cc54621609dd593d1787f286ee42a5c0adbb4b29abea5a63edc3e03098"},
    {file = "zipp-3.4.1.tar.gz", hash = "sha256:3607921face881ba3e026887d8150cca609d517579abe052ac81fc5aeffdbd76"},
]
